
Microsoft Visual Studio Solution File, Format Version 12.00
# Visual Studio 14
VisualStudioVersion = 14.0.23107.0
MinimumVisualStudioVersion = 10.0.40219.1
Project("{FAE04EC0-301F-11D3-BF4B-00C04F79EFBC}") = "Checker_Danchi", "Checker_Danchi\Checker_Danchi.csproj", "{06BEEB59-0570-402C-8B48-638E2C9553F8}"
EndProject
Global
	GlobalSection(SolutionConfigurationPlatforms) = preSolution
		Debug|Any CPU = Debug|Any CPU
		Release|Any CPU = Release|Any CPU
	EndGlobalSection
	GlobalSection(ProjectConfigurationPlatforms) = postSolution
		{06BEEB59-0570-402C-8B48-638E2C9553F8}.Debug|Any CPU.ActiveCfg = Debug|Any CPU
		{06BEEB59-0570-402C-8B48-638E2C9553F8}.Debug|Any CPU.Build.0 = Debug|Any CPU
		{06BEEB59-0570-402C-8B48-638E2C9553F8}.Release|Any CPU.ActiveCfg = Release|Any CPU
		{06BEEB59-0570-402C-8B48-638E2C9553F8}.Release|Any CPU.Build.0 = Release|Any CPU
	EndGlobalSection
	GlobalSection(SolutionProperties) = preSolution
		HideSolutionNode = FALSE
	EndGlobalSection
EndGlobal
